
Microsoft Visual Studio Solution File, Format Version 12.00
# Visual Studio Version 16
VisualStudioVersion = 16.0.29025.244
MinimumVisualStudioVersion = 10.0.40219.1
Project("{FAE04EC0-301F-11D3-BF4B-00C04F79EFBC}") = "Xked.ServiceHelper", "Xked.ServiceHelper\Xked.ServiceHelper.csproj", "{D54C65F7-48B4-42F0-86CB-0AFFC57064F2}"
EndProject
Project("{FAE04EC0-301F-11D3-BF4B-00C04F79EFBC}") = "UnitTestProject1", "UnitTestProject1\UnitTestProject1.csproj", "{F8BCB5B8-1A87-41FB-891F-F63FA05A4184}"
EndProject
Project("{FAE04EC0-301F-11D3-BF4B-00C04F79EFBC}") = "EasyDeploy", "EasyDeploy\EasyDeploy.csproj", "{8B8ABDD9-AA20-4D1F-8E6E-64A0C1778F5B}"
EndProject
Project("{FAE04EC0-301F-11D3-BF4B-00C04F79EFBC}") = "DemoService", "DemoService\DemoService.csproj", "{74E1F8CB-FFEA-4C32-ACC1-A4F232CBC17F}"
EndProject
Project("{FAE04EC0-301F-11D3-BF4B-00C04F79EFBC}") = "WatchDogService", "WatchDogService\WatchDogService.csproj", "{93071301-71CC-4B11-BBAB-A192AE1DCF76}"
EndProject
Global
	GlobalSection(SolutionConfigurationPlatforms) = preSolution
		Debug|Any CPU = Debug|Any CPU
		Release|Any CPU = Release|Any CPU
	EndGlobalSection
	GlobalSection(ProjectConfigurationPlatforms) = postSolution
		{D54C65F7-48B4-42F0-86CB-0AFFC57064F2}.Debug|Any CPU.ActiveCfg = Debug|Any CPU
		{D54C65F7-48B4-42F0-86CB-0AFFC57064F2}.Debug|Any CPU.Build.0 = Debug|Any CPU
		{D54C65F7-48B4-42F0-86CB-0AFFC57064F2}.Release|Any CPU.ActiveCfg = Release|Any CPU
		{D54C65F7-48B4-42F0-86CB-0AFFC57064F2}.Release|Any CPU.Build.0 = Release|Any CPU
		{F8BCB5B8-1A87-41FB-891F-F63FA05A4184}.Debug|Any CPU.ActiveCfg = Debug|Any CPU
		{F8BCB5B8-1A87-41FB-891F-F63FA05A4184}.Debug|Any CPU.Build.0 = Debug|Any CPU
		{F8BCB5B8-1A87-41FB-891F-F63FA05A4184}.Release|Any CPU.ActiveCfg = Release|Any CPU
		{F8BCB5B8-1A87-41FB-891F-F63FA05A4184}.Release|Any CPU.Build.0 = Release|Any CPU
		{8B8ABDD9-AA20-4D1F-8E6E-64A0C1778F5B}.Debug|Any CPU.ActiveCfg = Debug|Any CPU
		{8B8ABDD9-AA20-4D1F-8E6E-64A0C1778F5B}.Debug|Any CPU.Build.0 = Debug|Any CPU
		{8B8ABDD9-AA20-4D1F-8E6E-64A0C1778F5B}.Release|Any CPU.ActiveCfg = Release|Any CPU
		{8B8ABDD9-AA20-4D1F-8E6E-64A0C1778F5B}.Release|Any CPU.Build.0 = Release|Any CPU
		{74E1F8CB-FFEA-4C32-ACC1-A4F232CBC17F}.Debug|Any CPU.ActiveCfg = Debug|Any CPU
		{74E1F8CB-FFEA-4C32-ACC1-A4F232CBC17F}.Debug|Any CPU.Build.0 = Debug|Any CPU
		{74E1F8CB-FFEA-4C32-ACC1-A4F232CBC17F}.Release|Any CPU.ActiveCfg = Release|Any CPU
		{74E1F8CB-FFEA-4C32-ACC1-A4F232CBC17F}.Release|Any CPU.Build.0 = Release|Any CPU
		{93071301-71CC-4B11-BBAB-A192AE1DCF76}.Debug|Any CPU.ActiveCfg = Debug|Any CPU
		{93071301-71CC-4B11-BBAB-A192AE1DCF76}.Debug|Any CPU.Build.0 = Debug|Any CPU
		{93071301-71CC-4B11-BBAB-A192AE1DCF76}.Release|Any CPU.ActiveCfg = Release|Any CPU
		{93071301-71CC-4B11-BBAB-A192AE1DCF76}.Release|Any CPU.Build.0 = Release|Any CPU
	EndGlobalSection
	GlobalSection(SolutionProperties) = preSolution
		HideSolutionNode = FALSE
	EndGlobalSection
	GlobalSection(ExtensibilityGlobals) = postSolution
		SolutionGuid = {1DF16189-9F7A-4A97-80EF-049F952A1933}
	EndGlobalSection
EndGlobal
